<?xml version="1.0" encoding="UTF-8" standalone="yes" ?>
<CodeBlocks_project_file>
	<FileVersion major="1" minor="6" />
	<Project>
		<Option title="ofxSoundPlayer" />
		<Option pch_mode="2" />
		<Option compiler="gcc" />
		<Option virtualFolders="addons/;src/;addons/ofxThread/src/;addons/ofxVectorMath/src/;src/ofxSoundPlayer/;src/ofxSoundPlayer/OpenAL/;src/ofxSoundPlayer/stb_vorbis/;src/ofxSoundPlayer/FMOD/;" />
		<Build>
			<Target title="Debug">
				<Option output="bin/$(PROJECT_NAME)_debug" prefix_auto="1" extension_auto="1" />
				<Option working_dir="bin" />
				<Option object_output="obj/Debug/" />
				<Option external_deps="../../../libs/openFrameworksCompiled/lib/linux/libopenFrameworksDebug.a;" />
				<Option type="1" />
				<Option compiler="gcc" />
				<Option projectLinkerOptionsRelation="2" />
				<Compiler>
					<Add option="-g" />
					<Add option="-MMD" />
				</Compiler>
				<Linker>
					<Add option="-Wl,-rpath=./libs" />
					<Add library="openFrameworksDebug" />
				</Linker>
			</Target>
			<Target title="Release">
				<Option output="bin/$(PROJECT_NAME)" prefix_auto="1" extension_auto="1" />
				<Option working_dir="bin" />
				<Option object_output="obj/Release/" />
				<Option external_deps="../../../libs/openFrameworksCompiled/lib/linux/libopenFrameworks.a;" />
				<Option type="1" />
				<Option compiler="gcc" />
				<Option projectLinkerOptionsRelation="2" />
				<Compiler>
					<Add option="-march=native" />
					<Add option="-O3" />
					<Add option="-MMD" />
				</Compiler>
				<Linker>
					<Add option="-Wl,-rpath=./libs" />
					<Add option="-s" />
					<Add library="openFrameworks" />
				</Linker>
			</Target>
		</Build>
		<Compiler>
			<Add option="-Wall" />
			<Add option="-fexceptions" />
			<Add directory="../../../addons/" />
			<Add directory="../../../libs/openFrameworks/" />
			<Add directory="../../../libs/openFrameworks/events" />
			<Add directory="../../../libs/openFrameworks/app" />
			<Add directory="../../../libs/openFrameworks/communication" />
			<Add directory="../../../libs/openFrameworks/graphics" />
			<Add directory="../../../libs/openFrameworks/video" />
			<Add directory="../../../libs/openFrameworks/utils" />
			<Add directory="../../../libs/openFrameworks/sound" />
			<Add directory="../../../libs/rtAudio" />
			<Add directory="../../../libs/fmodex/include" />
			<Add directory="../../../libs/glee/include" />
			<Add directory="../../../libs/FreeImage/include" />
			<Add directory="../../../libs/freetype/include" />
			<Add directory="../../../libs/freetype/include/freetype2" />
			<Add directory="../../../libs/gstappsink/include" />
			<Add directory="../../../addons" />
			<Add directory="../../../libs/poco/include" />
			<Add directory="../../../addons/ofxVectorMath/src" />
			<Add directory="../../../addons/ofxThread/src" />
			<Add directory="src/ofxSoundPlayer" />
			<Add directory="src/ofxSoundPlayer/OpenAL" />
			<Add directory="src/ofxSoundPlayer/FMOD" />
		</Compiler>
		<Linker>
			<Add library="openFrameworks" />
			<Add library="fmodex" />
			<Add library="glut" />
			<Add library="GL" />
			<Add library="GLU" />
			<Add library="Xxf86vm" />
			<Add library="asound" />
			<Add library="PocoFoundation" />
			<Add library="freetype" />
			<Add library="freeimage" />
			<Add library="RtAudio" />
			<Add library="GLee" />
			<Add library="oFappsink" />
			<Add library="openal" />
			<Add library="sndfile" />
			<Add directory="../../../libs/openFrameworksCompiled/lib/linux" />
			<Add directory="../../../libs/freetype/lib/linux" />
			<Add directory="../../../libs/FreeImage/lib/linux" />
			<Add directory="../../../libs/rtAudio/lib/linux" />
			<Add directory="../../../libs/glee/lib/linux" />
			<Add directory="../../../libs/gstappsink/lib/linux" />
			<Add directory="../../../libs/fmodex/lib/linux" />
			<Add directory="../../../libs/poco/lib/linux" />
		</Linker>
		<ExtraCommands>
			<Add after="#" />
			<Add after="#      copy libs and shell script to bin directory:" />
			<Add after="#" />
			<Add after="cp -r ../../../export/linux/libs $(PROJECT_DIR)bin/" />
			<Mode after="always" />
		</ExtraCommands>
		<Unit filename="../../../addons/ofxThread/src/ofxThread.cpp">
			<Option virtualFolder="addons/ofxThread/src" />
		</Unit>
		<Unit filename="../../../addons/ofxThread/src/ofxThread.h">
			<Option virtualFolder="addons/ofxThread/src" />
		</Unit>
		<Unit filename="../../../addons/ofxVectorMath/src/ofxMatrix3x3.cpp">
			<Option virtualFolder="addons/ofxVectorMath/src" />
		</Unit>
		<Unit filename="../../../addons/ofxVectorMath/src/ofxMatrix3x3.h">
			<Option virtualFolder="addons/ofxVectorMath/src" />
		</Unit>
		<Unit filename="../../../addons/ofxVectorMath/src/ofxMatrix4x4.cpp">
			<Option virtualFolder="addons/ofxVectorMath/src" />
		</Unit>
		<Unit filename="../../../addons/ofxVectorMath/src/ofxMatrix4x4.h">
			<Option virtualFolder="addons/ofxVectorMath/src" />
		</Unit>
		<Unit filename="../../../addons/ofxVectorMath/src/ofxQuaternion.cpp">
			<Option virtualFolder="addons/ofxVectorMath/src" />
		</Unit>
		<Unit filename="../../../addons/ofxVectorMath/src/ofxQuaternion.h">
			<Option virtualFolder="addons/ofxVectorMath/src" />
		</Unit>
		<Unit filename="../../../addons/ofxVectorMath/src/ofxVec2f.h">
			<Option virtualFolder="addons/ofxVectorMath/src" />
		</Unit>
		<Unit filename="../../../addons/ofxVectorMath/src/ofxVec3f.h">
			<Option virtualFolder="addons/ofxVectorMath/src" />
		</Unit>
		<Unit filename="../../../addons/ofxVectorMath/src/ofxVec4f.h">
			<Option virtualFolder="addons/ofxVectorMath/src" />
		</Unit>
		<Unit filename="../../../addons/ofxVectorMath/src/ofxVectorMath.h">
			<Option virtualFolder="addons/ofxVectorMath/src" />
		</Unit>
		<Unit filename="src/main.cpp">
			<Option virtualFolder="src/" />
		</Unit>
		<Unit filename="src/ofxSoundPlayer/FMOD/ofxSoundPlayerFMOD.cpp">
			<Option virtualFolder="src/ofxSoundPlayer/FMOD/" />
		</Unit>
		<Unit filename="src/ofxSoundPlayer/FMOD/ofxSoundPlayerFMOD.h">
			<Option virtualFolder="src/ofxSoundPlayer/FMOD/" />
		</Unit>
		<Unit filename="src/ofxSoundPlayer/OpenAL/AudioDevice.cpp">
			<Option virtualFolder="src/ofxSoundPlayer/OpenAL/" />
		</Unit>
		<Unit filename="src/ofxSoundPlayer/OpenAL/AudioDevice.h">
			<Option virtualFolder="src/ofxSoundPlayer/OpenAL/" />
		</Unit>
		<Unit filename="src/ofxSoundPlayer/OpenAL/AudioResource.cpp">
			<Option virtualFolder="src/ofxSoundPlayer/OpenAL/" />
		</Unit>
		<Unit filename="src/ofxSoundPlayer/OpenAL/AudioResource.h">
			<Option virtualFolder="src/ofxSoundPlayer/OpenAL/" />
		</Unit>
		<Unit filename="src/ofxSoundPlayer/OpenAL/Effect.cpp">
			<Option virtualFolder="src/ofxSoundPlayer/OpenAL/" />
		</Unit>
		<Unit filename="src/ofxSoundPlayer/OpenAL/Effect.h">
			<Option virtualFolder="src/ofxSoundPlayer/OpenAL/" />
		</Unit>
		<Unit filename="src/ofxSoundPlayer/OpenAL/Listener.cpp">
			<Option virtualFolder="src/ofxSoundPlayer/OpenAL/" />
		</Unit>
		<Unit filename="src/ofxSoundPlayer/OpenAL/Listener.h">
			<Option virtualFolder="src/ofxSoundPlayer/OpenAL/" />
		</Unit>
		<Unit filename="src/ofxSoundPlayer/OpenAL/Music.cpp">
			<Option virtualFolder="src/ofxSoundPlayer/OpenAL/" />
		</Unit>
		<Unit filename="src/ofxSoundPlayer/OpenAL/Music.h">
			<Option virtualFolder="src/ofxSoundPlayer/OpenAL/" />
		</Unit>
		<Unit filename="src/ofxSoundPlayer/OpenAL/OpenAL.h">
			<Option virtualFolder="src/ofxSoundPlayer/OpenAL/" />
		</Unit>
		<Unit filename="src/ofxSoundPlayer/OpenAL/Resource.h">
			<Option virtualFolder="src/ofxSoundPlayer/OpenAL/" />
		</Unit>
		<Unit filename="src/ofxSoundPlayer/OpenAL/Sound.cpp">
			<Option virtualFolder="src/ofxSoundPlayer/OpenAL/" />
		</Unit>
		<Unit filename="src/ofxSoundPlayer/OpenAL/Sound.h">
			<Option virtualFolder="src/ofxSoundPlayer/OpenAL/" />
		</Unit>
		<Unit filename="src/ofxSoundPlayer/OpenAL/SoundBuffer.cpp">
			<Option virtualFolder="src/ofxSoundPlayer/OpenAL/" />
		</Unit>
		<Unit filename="src/ofxSoundPlayer/OpenAL/SoundBuffer.h">
			<Option virtualFolder="src/ofxSoundPlayer/OpenAL/" />
		</Unit>
		<Unit filename="src/ofxSoundPlayer/OpenAL/SoundFile.cpp">
			<Option virtualFolder="src/ofxSoundPlayer/OpenAL/" />
		</Unit>
		<Unit filename="src/ofxSoundPlayer/OpenAL/SoundFile.h">
			<Option virtualFolder="src/ofxSoundPlayer/OpenAL/" />
		</Unit>
		<Unit filename="src/ofxSoundPlayer/OpenAL/SoundFileDefault.cpp">
			<Option virtualFolder="src/ofxSoundPlayer/OpenAL/" />
		</Unit>
		<Unit filename="src/ofxSoundPlayer/OpenAL/SoundFileDefault.h">
			<Option virtualFolder="src/ofxSoundPlayer/OpenAL/" />
		</Unit>
		<Unit filename="src/ofxSoundPlayer/OpenAL/SoundFileOgg.cpp">
			<Option virtualFolder="src/ofxSoundPlayer/OpenAL/" />
		</Unit>
		<Unit filename="src/ofxSoundPlayer/OpenAL/SoundFileOgg.h">
			<Option virtualFolder="src/ofxSoundPlayer/OpenAL/" />
		</Unit>
		<Unit filename="src/ofxSoundPlayer/OpenAL/SoundStereo.cpp">
			<Option virtualFolder="src/ofxSoundPlayer/OpenAL/" />
		</Unit>
		<Unit filename="src/ofxSoundPlayer/OpenAL/SoundStereo.h">
			<Option virtualFolder="src/ofxSoundPlayer/OpenAL/" />
		</Unit>
		<Unit filename="src/ofxSoundPlayer/OpenAL/SoundStream.cpp">
			<Option virtualFolder="src/ofxSoundPlayer/OpenAL/" />
		</Unit>
		<Unit filename="src/ofxSoundPlayer/OpenAL/SoundStream.h">
			<Option virtualFolder="src/ofxSoundPlayer/OpenAL/" />
		</Unit>
		<Unit filename="src/ofxSoundPlayer/OpenAL/Types.h">
			<Option virtualFolder="src/ofxSoundPlayer/OpenAL/" />
		</Unit>
		<Unit filename="src/ofxSoundPlayer/OpenAL/ofxSoundPlayerOpenAL.cpp">
			<Option virtualFolder="src/ofxSoundPlayer/OpenAL/" />
		</Unit>
		<Unit filename="src/ofxSoundPlayer/OpenAL/ofxSoundPlayerOpenAL.h">
			<Option virtualFolder="src/ofxSoundPlayer/OpenAL/" />
		</Unit>
		<Unit filename="src/ofxSoundPlayer/ofxSoundPlayer.cpp">
			<Option virtualFolder="src/ofxSoundPlayer/" />
		</Unit>
		<Unit filename="src/ofxSoundPlayer/ofxSoundPlayer.h">
			<Option virtualFolder="src/ofxSoundPlayer/" />
		</Unit>
		<Unit filename="src/ofxSoundPlayer/ofxSoundPlayerEngine.h">
			<Option virtualFolder="src/ofxSoundPlayer/" />
		</Unit>
		<Unit filename="src/ofxSoundPlayer/stb_vorbis/stb_vorbis.c">
			<Option compilerVar="CC" />
			<Option virtualFolder="src/ofxSoundPlayer/stb_vorbis/" />
		</Unit>
		<Unit filename="src/ofxSoundPlayer/stb_vorbis/stb_vorbis.h">
			<Option virtualFolder="src/ofxSoundPlayer/stb_vorbis/" />
		</Unit>
		<Unit filename="src/testApp.cpp">
			<Option virtualFolder="src/" />
		</Unit>
		<Unit filename="src/testApp.h">
			<Option virtualFolder="src/" />
		</Unit>
		<Extensions>
			<lib_finder>
				<lib name="gstreamer-0.10" />
				<lib name="gstreamer-video-0.10" />
				<lib name="gstreamer-base-0.10" />
				<lib name="libudev" />
			</lib_finder>
			<code_completion />
			<envvars />
			<debugger />
		</Extensions>
	</Project>
</CodeBlocks_project_file>
